
Microsoft Visual Studio Solution File, Format Version 12.00
# Visual Studio Version 17
VisualStudioVersion = 17.5.33516.290
MinimumVisualStudioVersion = 10.0.40219.1
Project("{9A19103F-16F7-4668-BE54-9A1E7A4F7556}") = "DigaoDeskApp", "DigaoDeskApp\DigaoDeskApp.csproj", "{7646ED01-FB15-4AA1-8C15-4A134FF9EFA9}"
EndProject
Global
	GlobalSection(SolutionConfigurationPlatforms) = preSolution
		Debug|Any CPU = Debug|Any CPU
		Release|Any CPU = Release|Any CPU
	EndGlobalSection
	GlobalSection(ProjectConfigurationPlatforms) = postSolution
		{7646ED01-FB15-4AA1-8C15-4A134FF9EFA9}.Debug|Any CPU.ActiveCfg = Debug|Any CPU
		{7646ED01-FB15-4AA1-8C15-4A134FF9EFA9}.Debug|Any CPU.Build.0 = Debug|Any CPU
		{7646ED01-FB15-4AA1-8C15-4A134FF9EFA9}.Release|Any CPU.ActiveCfg = Release|Any CPU
		{7646ED01-FB15-4AA1-8C15-4A134FF9EFA9}.Release|Any CPU.Build.0 = Release|Any CPU
	EndGlobalSection
	GlobalSection(SolutionProperties) = preSolution
		HideSolutionNode = FALSE
	EndGlobalSection
	GlobalSection(ExtensibilityGlobals) = postSolution
		SolutionGuid = {C30A7204-94EF-4E62-93BF-068367689A48}
	EndGlobalSection
EndGlobal
